[[tools.single]]
version = "1.2.3"
backend = "test:single"

[[tools.options]]
version = "2.1.0"
backend = "test:options"

[[tools.multi]]
version = "1.9.0"
backend = "test:multi"

[[tools.multi]]
version = "2.4.0"
backend = "test:multi"

[[tools.repeated]]
version = "3.0.0"
backend = "test:repeated"
artifact = "linux"

[[tools.repeated]]
version = "3.0.0"
backend = "test:repeated"
artifact = "macos"

[[tools.same-a]]
version = "4.0.0"
backend = "test:same"

[[tools.same-b]]
version = "5.0.0"
backend = "test:same"

[[tools.stale]]
version = "99.0.0"
backend = "test:stale"
